
Microsoft Visual Studio Solution File, Format Version 12.00
# Visual Studio Version 17
VisualStudioVersion = 17.12.35521.163
MinimumVisualStudioVersion = 10.0.40219.1
Project("{2150E333-8FDC-42A3-9474-1A3956D46DE8}") = "Foundation", "Foundation", "{D0DD1773-D94E-47FC-9310-952C4ECEF69A}"
EndProject
Project("{2150E333-8FDC-42A3-9474-1A3956D46DE8}") = "Project", "Project", "{7A4E2EF5-1270-4001-92CD-6BC37E046205}"
EndProject
Project("{2150E333-8FDC-42A3-9474-1A3956D46DE8}") = "BasicCompany", "BasicCompany", "{2EB8DFF2-D05E-42B8-80B5-720E0BCE01BB}"
EndProject
Project("{9A19103F-16F7-4668-BE54-9A1E7A4F7556}") = "BasicCompany.Blazor", "src\Project\BasicCompany\BasicCompany.Project.BasicCompany.Blazor\BasicCompany.Blazor.csproj", "{6566F48A-2DA6-4E65-8F69-BFE52D7B39CD}"
EndProject
Project("{2150E333-8FDC-42A3-9474-1A3956D46DE8}") = "GenericRazorHelpers", "GenericRazorHelpers", "{E8A5BC70-5AD2-4CD5-AFCD-E5408D4BB0EA}"
EndProject
Project("{9A19103F-16F7-4668-BE54-9A1E7A4F7556}") = "GenericRazorHelpers", "src\Foundation\GenericRazorHelpers\GenericRazorHelpers.csproj", "{81291F6D-F87A-4EEF-8231-01D5A0CBB20F}"
EndProject
Global
	GlobalSection(SolutionConfigurationPlatforms) = preSolution
		Debug|Any CPU = Debug|Any CPU
		Release|Any CPU = Release|Any CPU
	EndGlobalSection
	GlobalSection(ProjectConfigurationPlatforms) = postSolution
		{6566F48A-2DA6-4E65-8F69-BFE52D7B39CD}.Debug|Any CPU.ActiveCfg = Debug|Any CPU
		{6566F48A-2DA6-4E65-8F69-BFE52D7B39CD}.Debug|Any CPU.Build.0 = Debug|Any CPU
		{6566F48A-2DA6-4E65-8F69-BFE52D7B39CD}.Release|Any CPU.ActiveCfg = Release|Any CPU
		{6566F48A-2DA6-4E65-8F69-BFE52D7B39CD}.Release|Any CPU.Build.0 = Release|Any CPU
		{81291F6D-F87A-4EEF-8231-01D5A0CBB20F}.Debug|Any CPU.ActiveCfg = Debug|Any CPU
		{81291F6D-F87A-4EEF-8231-01D5A0CBB20F}.Debug|Any CPU.Build.0 = Debug|Any CPU
		{81291F6D-F87A-4EEF-8231-01D5A0CBB20F}.Release|Any CPU.ActiveCfg = Release|Any CPU
		{81291F6D-F87A-4EEF-8231-01D5A0CBB20F}.Release|Any CPU.Build.0 = Release|Any CPU
	EndGlobalSection
	GlobalSection(SolutionProperties) = preSolution
		HideSolutionNode = FALSE
	EndGlobalSection
	GlobalSection(NestedProjects) = preSolution
		{2EB8DFF2-D05E-42B8-80B5-720E0BCE01BB} = {7A4E2EF5-1270-4001-92CD-6BC37E046205}
		{6566F48A-2DA6-4E65-8F69-BFE52D7B39CD} = {2EB8DFF2-D05E-42B8-80B5-720E0BCE01BB}
		{E8A5BC70-5AD2-4CD5-AFCD-E5408D4BB0EA} = {D0DD1773-D94E-47FC-9310-952C4ECEF69A}
		{81291F6D-F87A-4EEF-8231-01D5A0CBB20F} = {E8A5BC70-5AD2-4CD5-AFCD-E5408D4BB0EA}
	EndGlobalSection
	GlobalSection(ExtensibilityGlobals) = postSolution
		SolutionGuid = {7A7C4987-3A11-41A9-8915-5457EF7B5A6F}
	EndGlobalSection
EndGlobal
